
Microsoft Visual Studio Solution File, Format Version 12.00
# Visual Studio Version 17
VisualStudioVersion = 17.14.36414.22
MinimumVisualStudioVersion = 10.0.40219.1
Project("{FAE04EC0-301F-11D3-BF4B-00C04F79EFBC}") = "ReactiveUI.Avalonia", "ReactiveUI.Avalonia\ReactiveUI.Avalonia.csproj", "{2EE4814F-5B1E-F5AD-30DF-68B49C126774}"
EndProject
Project("{FAE04EC0-301F-11D3-BF4B-00C04F79EFBC}") = "Splat.Avalonia.Autofac", "Splat.Avalonia.Autofac\Splat.Avalonia.Autofac.csproj", "{019834DF-7929-539D-6F73-AD90014746C5}"
EndProject
Project("{FAE04EC0-301F-11D3-BF4B-00C04F79EFBC}") = "Splat.Avalonia.DryIoc", "Splat.Avalonia.DryIoc\Splat.Avalonia.DryIoc.csproj", "{E9239D4F-CCFD-26EB-E87C-FF829B06CDEB}"
EndProject
Project("{FAE04EC0-301F-11D3-BF4B-00C04F79EFBC}") = "Splat.Avalonia.DryIoc1.Tests", "Splat.Avalonia.DryIoc1.Tests\Splat.Avalonia.DryIoc1.Tests.csproj", "{4C8CC2F8-2AE2-63E7-5AB3-C3E22C09D3D2}"
EndProject
Project("{FAE04EC0-301F-11D3-BF4B-00C04F79EFBC}") = "Splat.Avalonia.Microsoft.Extensions.DependencyInjection", "Splat.Avalonia.Microsoft.Extensions.DependencyInjection\Splat.Avalonia.Microsoft.Extensions.DependencyInjection.csproj", "{93FC1FFA-3338-8B15-1825-FBD3C160EA5E}"
EndProject
Project("{FAE04EC0-301F-11D3-BF4B-00C04F79EFBC}") = "Splat.Avalonia.Microsoft.Tests", "Splat.Avalonia.Microsoft1.Tests\Splat.Avalonia.Microsoft.Tests.csproj", "{DBDA8127-BAD8-BEA2-5753-F1EF2CC0CEF2}"
EndProject
Project("{FAE04EC0-301F-11D3-BF4B-00C04F79EFBC}") = "Splat.Avalonia.Ninject", "Splat.Avalonia.Ninject\Splat.Avalonia.Ninject.csproj", "{E6C4CDCE-C899-7D7A-6703-826E120B7732}"
EndProject
Project("{FAE04EC0-301F-11D3-BF4B-00C04F79EFBC}") = "Splat.Avalonia.Tests", "Splat.Avalonia.Tests\Splat.Avalonia.Tests.csproj", "{58A3DEF1-6B1A-111E-660A-93AE84C80529}"
EndProject
Project("{2150E333-8FDC-42A3-9474-1A3956D46DE8}") = "SolutionConfig", "SolutionConfig", "{02EA681E-C7D8-13C7-8484-4AC65E1B71E8}"
	ProjectSection(SolutionItems) = preProject
		..\.editorconfig = ..\.editorconfig
		..\.gitattributes = ..\.gitattributes
		..\.gitignore = ..\.gitignore
		..\.github\workflows\ci-build.yml = ..\.github\workflows\ci-build.yml
		..\CODE_OF_CONDUCT.md = ..\CODE_OF_CONDUCT.md
		..\CONTRIBUTING.md = ..\CONTRIBUTING.md
		Directory.build.props = Directory.build.props
		Directory.build.targets = Directory.build.targets
		Directory.Packages.props = Directory.Packages.props
		..\LICENSE = ..\LICENSE
		..\nuget.config = ..\nuget.config
		..\README.md = ..\README.md
		..\.github\workflows\release.yml = ..\.github\workflows\release.yml
		stylecop.json = stylecop.json
		..\version.json = ..\version.json
	EndProjectSection
EndProject
Project("{2150E333-8FDC-42A3-9474-1A3956D46DE8}") = "Tests", "Tests", "{5A781B8E-46B7-4226-9158-223531FE9E57}"
EndProject
Global
	GlobalSection(SolutionConfigurationPlatforms) = preSolution
		Debug|Any CPU = Debug|Any CPU
		Release|Any CPU = Release|Any CPU
	EndGlobalSection
	GlobalSection(ProjectConfigurationPlatforms) = postSolution
		{2EE4814F-5B1E-F5AD-30DF-68B49C126774}.Debug|Any CPU.ActiveCfg = Debug|Any CPU
		{2EE4814F-5B1E-F5AD-30DF-68B49C126774}.Debug|Any CPU.Build.0 = Debug|Any CPU
		{2EE4814F-5B1E-F5AD-30DF-68B49C126774}.Release|Any CPU.ActiveCfg = Release|Any CPU
		{2EE4814F-5B1E-F5AD-30DF-68B49C126774}.Release|Any CPU.Build.0 = Release|Any CPU
		{019834DF-7929-539D-6F73-AD90014746C5}.Debug|Any CPU.ActiveCfg = Debug|Any CPU
		{019834DF-7929-539D-6F73-AD90014746C5}.Debug|Any CPU.Build.0 = Debug|Any CPU
		{019834DF-7929-539D-6F73-AD90014746C5}.Release|Any CPU.ActiveCfg = Release|Any CPU
		{019834DF-7929-539D-6F73-AD90014746C5}.Release|Any CPU.Build.0 = Release|Any CPU
		{E9239D4F-CCFD-26EB-E87C-FF829B06CDEB}.Debug|Any CPU.ActiveCfg = Debug|Any CPU
		{E9239D4F-CCFD-26EB-E87C-FF829B06CDEB}.Debug|Any CPU.Build.0 = Debug|Any CPU
		{E9239D4F-CCFD-26EB-E87C-FF829B06CDEB}.Release|Any CPU.ActiveCfg = Release|Any CPU
		{E9239D4F-CCFD-26EB-E87C-FF829B06CDEB}.Release|Any CPU.Build.0 = Release|Any CPU
		{4C8CC2F8-2AE2-63E7-5AB3-C3E22C09D3D2}.Debug|Any CPU.ActiveCfg = Debug|Any CPU
		{4C8CC2F8-2AE2-63E7-5AB3-C3E22C09D3D2}.Debug|Any CPU.Build.0 = Debug|Any CPU
		{4C8CC2F8-2AE2-63E7-5AB3-C3E22C09D3D2}.Release|Any CPU.ActiveCfg = Release|Any CPU
		{4C8CC2F8-2AE2-63E7-5AB3-C3E22C09D3D2}.Release|Any CPU.Build.0 = Release|Any CPU
		{93FC1FFA-3338-8B15-1825-FBD3C160EA5E}.Debug|Any CPU.ActiveCfg = Debug|Any CPU
		{93FC1FFA-3338-8B15-1825-FBD3C160EA5E}.Debug|Any CPU.Build.0 = Debug|Any CPU
		{93FC1FFA-3338-8B15-1825-FBD3C160EA5E}.Release|Any CPU.ActiveCfg = Release|Any CPU
		{93FC1FFA-3338-8B15-1825-FBD3C160EA5E}.Release|Any CPU.Build.0 = Release|Any CPU
		{DBDA8127-BAD8-BEA2-5753-F1EF2CC0CEF2}.Debug|Any CPU.ActiveCfg = Debug|Any CPU
		{DBDA8127-BAD8-BEA2-5753-F1EF2CC0CEF2}.Debug|Any CPU.Build.0 = Debug|Any CPU
		{DBDA8127-BAD8-BEA2-5753-F1EF2CC0CEF2}.Release|Any CPU.ActiveCfg = Release|Any CPU
		{DBDA8127-BAD8-BEA2-5753-F1EF2CC0CEF2}.Release|Any CPU.Build.0 = Release|Any CPU
		{E6C4CDCE-C899-7D7A-6703-826E120B7732}.Debug|Any CPU.ActiveCfg = Debug|Any CPU
		{E6C4CDCE-C899-7D7A-6703-826E120B7732}.Debug|Any CPU.Build.0 = Debug|Any CPU
		{E6C4CDCE-C899-7D7A-6703-826E120B7732}.Release|Any CPU.ActiveCfg = Release|Any CPU
		{E6C4CDCE-C899-7D7A-6703-826E120B7732}.Release|Any CPU.Build.0 = Release|Any CPU
		{58A3DEF1-6B1A-111E-660A-93AE84C80529}.Debug|Any CPU.ActiveCfg = Debug|Any CPU
		{58A3DEF1-6B1A-111E-660A-93AE84C80529}.Debug|Any CPU.Build.0 = Debug|Any CPU
		{58A3DEF1-6B1A-111E-660A-93AE84C80529}.Release|Any CPU.ActiveCfg = Release|Any CPU
		{58A3DEF1-6B1A-111E-660A-93AE84C80529}.Release|Any CPU.Build.0 = Release|Any CPU
	EndGlobalSection
	GlobalSection(SolutionProperties) = preSolution
		HideSolutionNode = FALSE
	EndGlobalSection
	GlobalSection(NestedProjects) = preSolution
		{4C8CC2F8-2AE2-63E7-5AB3-C3E22C09D3D2} = {5A781B8E-46B7-4226-9158-223531FE9E57}
		{DBDA8127-BAD8-BEA2-5753-F1EF2CC0CEF2} = {5A781B8E-46B7-4226-9158-223531FE9E57}
		{58A3DEF1-6B1A-111E-660A-93AE84C80529} = {5A781B8E-46B7-4226-9158-223531FE9E57}
	EndGlobalSection
	GlobalSection(ExtensibilityGlobals) = postSolution
		SolutionGuid = {8CD606E7-A9B9-4C71-A471-E628945690E7}
	EndGlobalSection
EndGlobal
